PODS:
  - app_badge_plus (0.0.1):
    - Flutter
  - Flutter (1.0.0)
  - integration_test (0.0.1):
    - Flutter

DEPENDENCIES:
  - app_badge_plus (from `.symlinks/plugins/app_badge_plus/ios`)
  - Flutter (from `Flutter`)
  - integration_test (from `.symlinks/plugins/integration_test/ios`)

EXTERNAL SOURCES:
  app_badge_plus:
    :path: ".symlinks/plugins/app_badge_plus/ios"
  Flutter:
    :path: Flutter
  integration_test:
    :path: ".symlinks/plugins/integration_test/ios"

SPEC CHECKSUMS:
  app_badge_plus: 130c56500df6332d98ce2cff8d5259d717e2352b
  Flutter: e0871f40cf51350855a761d2e70bf5af5b9b5de7
  integration_test: 13825b8a9334a850581300559b8839134b124670

PODFILE CHECKSUM: 819463e6a0290f5a72f145ba7cde16e8b6ef0796

COCOAPODS: 1.15.2
